
Microsoft Visual Studio Solution File, Format Version 12.00
# Visual Studio 15
VisualStudioVersion = 15.0.27703.2047
MinimumVisualStudioVersion = 10.0.40219.1
Project("{9A19103F-16F7-4668-BE54-9A1E7A4F7556}") = "ManagementRegistration.Infrastructure", "ManagementRegistratio.Infrastructure\ManagementRegistration.Infrastructure.csproj", "{153BB9E3-D22B-4864-9E63-418276A86620}"
EndProject
Project("{2150E333-8FDC-42A3-9474-1A3956D46DE8}") = "1-Infrastructure", "1-Infrastructure", "{F0775E82-CF95-4C2A-B159-4CFCF3035895}"
EndProject
Project("{2150E333-8FDC-42A3-9474-1A3956D46DE8}") = "2-Domain", "2-Domain", "{B8586F1F-DF87-4349-BF88-4726FF84CD12}"
EndProject
Project("{9A19103F-16F7-4668-BE54-9A1E7A4F7556}") = "ManagementRegistration.Domain", "ManagementRegistration.Domain\ManagementRegistration.Domain.csproj", "{E5024083-AE3C-47CC-951F-3D47C0F41851}"
EndProject
Project("{2150E333-8FDC-42A3-9474-1A3956D46DE8}") = "3-Services", "3-Services", "{5ED45226-F982-4924-B817-AB85C63BE7C2}"
EndProject
Project("{9A19103F-16F7-4668-BE54-9A1E7A4F7556}") = "ManagementRegistration.Services", "ManagementRegistration.Services\ManagementRegistration.Services.csproj", "{EA8FF43C-54C6-4496-A4C2-E2EC8599CB2B}"
EndProject
Project("{2150E333-8FDC-42A3-9474-1A3956D46DE8}") = "4-Factories", "4-Factories", "{F63ACF83-22AC-4F33-88B9-A503B3E3CC81}"
EndProject
Project("{9A19103F-16F7-4668-BE54-9A1E7A4F7556}") = "ManagementRegistration.RepositoriesFactory", "ManagementRegistration.RepositoriesFactory\ManagementRegistration.RepositoriesFactory.csproj", "{54BF7CC0-B8D5-4894-9D49-409EF6A4B7FA}"
EndProject
Project("{9A19103F-16F7-4668-BE54-9A1E7A4F7556}") = "ManagementRegistration.ServicesFactory", "ManagementRegistration.ServicesFactory\ManagementRegistration.ServicesFactory.csproj", "{0E59F3E1-9F1E-4298-A1D3-0B86412211DA}"
EndProject
Project("{9A19103F-16F7-4668-BE54-9A1E7A4F7556}") = "ManagementRegistration.Web", "ManagementRegistration.Web\ManagementRegistration.Web.csproj", "{28468C2B-2E3D-4A3E-8360-89E56B28CCA2}"
EndProject
Project("{9A19103F-16F7-4668-BE54-9A1E7A4F7556}") = "ManagementRegistration.UnitTest", "ManagementRegistration.UnitTest\ManagementRegistration.UnitTest.csproj", "{19C9B90F-5CF2-47C6-BB78-002F12A9593D}"
EndProject
Global
	GlobalSection(SolutionConfigurationPlatforms) = preSolution
		Debug|Any CPU = Debug|Any CPU
		Release|Any CPU = Release|Any CPU
	EndGlobalSection
	GlobalSection(ProjectConfigurationPlatforms) = postSolution
		{153BB9E3-D22B-4864-9E63-418276A86620}.Debug|Any CPU.ActiveCfg = Debug|Any CPU
		{153BB9E3-D22B-4864-9E63-418276A86620}.Debug|Any CPU.Build.0 = Debug|Any CPU
		{153BB9E3-D22B-4864-9E63-418276A86620}.Release|Any CPU.ActiveCfg = Release|Any CPU
		{153BB9E3-D22B-4864-9E63-418276A86620}.Release|Any CPU.Build.0 = Release|Any CPU
		{E5024083-AE3C-47CC-951F-3D47C0F41851}.Debug|Any CPU.ActiveCfg = Debug|Any CPU
		{E5024083-AE3C-47CC-951F-3D47C0F41851}.Debug|Any CPU.Build.0 = Debug|Any CPU
		{E5024083-AE3C-47CC-951F-3D47C0F41851}.Release|Any CPU.ActiveCfg = Release|Any CPU
		{E5024083-AE3C-47CC-951F-3D47C0F41851}.Release|Any CPU.Build.0 = Release|Any CPU
		{EA8FF43C-54C6-4496-A4C2-E2EC8599CB2B}.Debug|Any CPU.ActiveCfg = Debug|Any CPU
		{EA8FF43C-54C6-4496-A4C2-E2EC8599CB2B}.Debug|Any CPU.Build.0 = Debug|Any CPU
		{EA8FF43C-54C6-4496-A4C2-E2EC8599CB2B}.Release|Any CPU.ActiveCfg = Release|Any CPU
		{EA8FF43C-54C6-4496-A4C2-E2EC8599CB2B}.Release|Any CPU.Build.0 = Release|Any CPU
		{54BF7CC0-B8D5-4894-9D49-409EF6A4B7FA}.Debug|Any CPU.ActiveCfg = Debug|Any CPU
		{54BF7CC0-B8D5-4894-9D49-409EF6A4B7FA}.Debug|Any CPU.Build.0 = Debug|Any CPU
		{54BF7CC0-B8D5-4894-9D49-409EF6A4B7FA}.Release|Any CPU.ActiveCfg = Release|Any CPU
		{54BF7CC0-B8D5-4894-9D49-409EF6A4B7FA}.Release|Any CPU.Build.0 = Release|Any CPU
		{0E59F3E1-9F1E-4298-A1D3-0B86412211DA}.Debug|Any CPU.ActiveCfg = Debug|Any CPU
		{0E59F3E1-9F1E-4298-A1D3-0B86412211DA}.Debug|Any CPU.Build.0 = Debug|Any CPU
		{0E59F3E1-9F1E-4298-A1D3-0B86412211DA}.Release|Any CPU.ActiveCfg = Release|Any CPU
		{0E59F3E1-9F1E-4298-A1D3-0B86412211DA}.Release|Any CPU.Build.0 = Release|Any CPU
		{28468C2B-2E3D-4A3E-8360-89E56B28CCA2}.Debug|Any CPU.ActiveCfg = Debug|Any CPU
		{28468C2B-2E3D-4A3E-8360-89E56B28CCA2}.Debug|Any CPU.Build.0 = Debug|Any CPU
		{28468C2B-2E3D-4A3E-8360-89E56B28CCA2}.Release|Any CPU.ActiveCfg = Release|Any CPU
		{28468C2B-2E3D-4A3E-8360-89E56B28CCA2}.Release|Any CPU.Build.0 = Release|Any CPU
		{19C9B90F-5CF2-47C6-BB78-002F12A9593D}.Debug|Any CPU.ActiveCfg = Debug|Any CPU
		{19C9B90F-5CF2-47C6-BB78-002F12A9593D}.Debug|Any CPU.Build.0 = Debug|Any CPU
		{19C9B90F-5CF2-47C6-BB78-002F12A9593D}.Release|Any CPU.ActiveCfg = Release|Any CPU
		{19C9B90F-5CF2-47C6-BB78-002F12A9593D}.Release|Any CPU.Build.0 = Release|Any CPU
	EndGlobalSection
	GlobalSection(SolutionProperties) = preSolution
		HideSolutionNode = FALSE
	EndGlobalSection
	GlobalSection(NestedProjects) = preSolution
		{153BB9E3-D22B-4864-9E63-418276A86620} = {F0775E82-CF95-4C2A-B159-4CFCF3035895}
		{E5024083-AE3C-47CC-951F-3D47C0F41851} = {B8586F1F-DF87-4349-BF88-4726FF84CD12}
		{EA8FF43C-54C6-4496-A4C2-E2EC8599CB2B} = {5ED45226-F982-4924-B817-AB85C63BE7C2}
		{54BF7CC0-B8D5-4894-9D49-409EF6A4B7FA} = {F63ACF83-22AC-4F33-88B9-A503B3E3CC81}
		{0E59F3E1-9F1E-4298-A1D3-0B86412211DA} = {F63ACF83-22AC-4F33-88B9-A503B3E3CC81}
	EndGlobalSection
	GlobalSection(ExtensibilityGlobals) = postSolution
		SolutionGuid = {E43444E9-C7F7-4B7B-B83B-9C19196EC206}
	EndGlobalSection
EndGlobal
